
Microsoft Visual Studio Solution File, Format Version 12.00
# Visual Studio 15
VisualStudioVersion = 15.0.28307.902
MinimumVisualStudioVersion = 10.0.40219.1
Project("{FAE04EC0-301F-11D3-BF4B-00C04F79EFBC}") = "StrategyPatternExample", "StrategyPatternExample\StrategyPatternExample.csproj", "{D0B5D757-F046-4CF9-9876-94DC5D13DED1}"
EndProject
Global
	GlobalSection(SolutionConfigurationPlatforms) = preSolution
		Debug|Any CPU = Debug|Any CPU
		Release|Any CPU = Release|Any CPU
	EndGlobalSection
	GlobalSection(ProjectConfigurationPlatforms) = postSolution
		{D0B5D757-F046-4CF9-9876-94DC5D13DED1}.Debug|Any CPU.ActiveCfg = Debug|Any CPU
		{D0B5D757-F046-4CF9-9876-94DC5D13DED1}.Debug|Any CPU.Build.0 = Debug|Any CPU
		{D0B5D757-F046-4CF9-9876-94DC5D13DED1}.Release|Any CPU.ActiveCfg = Release|Any CPU
		{D0B5D757-F046-4CF9-9876-94DC5D13DED1}.Release|Any CPU.Build.0 = Release|Any CPU
	EndGlobalSection
	GlobalSection(SolutionProperties) = preSolution
		HideSolutionNode = FALSE
	EndGlobalSection
	GlobalSection(ExtensibilityGlobals) = postSolution
		SolutionGuid = {019F4A92-0701-4340-80CA-FE64B4526441}
	EndGlobalSection
EndGlobal
